
Microsoft Visual Studio Solution File, Format Version 12.00
# Visual Studio Version 17
VisualStudioVersion = 17.9.34607.119
MinimumVisualStudioVersion = 10.0.40219.1
Project("{2150E333-8FDC-42A3-9474-1A3956D46DE8}") = "Applications", "Applications", "{A594B55D-0C88-4F66-AF6E-86266F933DF0}"
EndProject
Project("{2150E333-8FDC-42A3-9474-1A3956D46DE8}") = "Data", "Data", "{300F8C7D-35CC-4CFA-A97A-82824E4E59BA}"
	ProjectSection(SolutionItems) = preProject
		Data\DatabaseUpdateReadme.txt = Data\DatabaseUpdateReadme.txt
	EndProjectSection
EndProject
Project("{2150E333-8FDC-42A3-9474-1A3956D46DE8}") = "MySQL", "MySQL", "{3DDEA712-A92F-4252-AA36-EC3D20EE70CB}"
	ProjectSection(SolutionItems) = preProject
		Data\MySQL\AuditLog.sql = Data\MySQL\AuditLog.sql
		Data\MySQL\InitialDataSet.sql = Data\MySQL\InitialDataSet.sql
		Data\MySQL\SampleDataSet.sql = Data\MySQL\SampleDataSet.sql
		Data\MySQL\SIEGate.sql = Data\MySQL\SIEGate.sql
	EndProjectSection
EndProject
Project("{2150E333-8FDC-42A3-9474-1A3956D46DE8}") = "SQL Server", "SQL Server", "{C1140554-1896-43B3-A109-26B601B38A7E}"
	ProjectSection(SolutionItems) = preProject
		Data\SQL Server\AuditLog.sql = Data\SQL Server\AuditLog.sql
		Data\SQL Server\InitialDataSet.sql = Data\SQL Server\InitialDataSet.sql
		Data\SQL Server\SampleDataSet.sql = Data\SQL Server\SampleDataSet.sql
		Data\SQL Server\SIEGate.sql = Data\SQL Server\SIEGate.sql
	EndProjectSection
EndProject
Project("{2150E333-8FDC-42A3-9474-1A3956D46DE8}") = "Dependencies", "Dependencies", "{F1E4A6D5-E5A1-48EC-B2E7-C20AADCF94E1}"
EndProject
Project("{2150E333-8FDC-42A3-9474-1A3956D46DE8}") = "Tools", "Tools", "{D5E46AB8-FE9C-44EE-8BF6-85828422D537}"
EndProject
Project("{FAE04EC0-301F-11D3-BF4B-00C04F79EFBC}") = "ConfigurationSetupUtility", "Tools\ConfigurationSetupUtility\ConfigurationSetupUtility.csproj", "{2A74EACF-8291-47C7-A2ED-0D58771F24E2}"
EndProject
Project("{2150E333-8FDC-42A3-9474-1A3956D46DE8}") = "SQLite", "SQLite", "{BE55A303-AE5A-41D7-8F32-A327C66F5F64}"
	ProjectSection(SolutionItems) = preProject
		Data\SQLite\db-update.bat = Data\SQLite\db-update.bat
		Data\SQLite\InitialDataSet.sql = Data\SQLite\InitialDataSet.sql
		Data\SQLite\openPG-InitialDataSet.db = Data\SQLite\openPG-InitialDataSet.db
		Data\SQLite\openPG-SampleDataSet.db = Data\SQLite\openPG-SampleDataSet.db
		Data\SQLite\openPG.db = Data\SQLite\openPG.db
		Data\SQLite\openPG.sql = Data\SQLite\openPG.sql
		Data\SQLite\SampleDataSet.sql = Data\SQLite\SampleDataSet.sql
		Data\SQLite\sqlite3.exe = Data\SQLite\sqlite3.exe
	EndProjectSection
EndProject
Project("{2150E333-8FDC-42A3-9474-1A3956D46DE8}") = "Microsoft", "Microsoft", "{F87710C5-D8D3-4070-A2EB-73A14FDAE208}"
EndProject
Project("{2150E333-8FDC-42A3-9474-1A3956D46DE8}") = "D3", "D3", "{32FFE65B-1193-4647-A5E6-67504EE51B31}"
	ProjectSection(SolutionItems) = preProject
		Dependencies\Microsoft\D3\DynamicDataDisplay.dll = Dependencies\Microsoft\D3\DynamicDataDisplay.dll
	EndProjectSection
EndProject
Project("{2150E333-8FDC-42A3-9474-1A3956D46DE8}") = "Oracle", "Oracle", "{AFC8E495-1897-4DC7-9C1A-0F81CE079B53}"
	ProjectSection(SolutionItems) = preProject
		Data\Oracle\AuditLog.sql = Data\Oracle\AuditLog.sql
		Data\Oracle\InitialDataSet.sql = Data\Oracle\InitialDataSet.sql
		Data\Oracle\openPG.sql = Data\Oracle\openPG.sql
		Data\Oracle\SampleDataSet.sql = Data\Oracle\SampleDataSet.sql
	EndProjectSection
EndProject
Project("{2150E333-8FDC-42A3-9474-1A3956D46DE8}") = "WPF", "WPF", "{09C79162-276C-4F8A-BA20-40483821CBD8}"
	ProjectSection(SolutionItems) = preProject
		Dependencies\Microsoft\WPF\System.Windows.Controls.DataVisualization.Toolkit.dll = Dependencies\Microsoft\WPF\System.Windows.Controls.DataVisualization.Toolkit.dll
		Dependencies\Microsoft\WPF\System.Windows.Controls.Input.Toolkit.dll = Dependencies\Microsoft\WPF\System.Windows.Controls.Input.Toolkit.dll
		Dependencies\Microsoft\WPF\System.Windows.Controls.Layout.Toolkit.dll = Dependencies\Microsoft\WPF\System.Windows.Controls.Layout.Toolkit.dll
		Dependencies\Microsoft\WPF\WPFToolkit.dll = Dependencies\Microsoft\WPF\WPFToolkit.dll
	EndProjectSection
EndProject
Project("{2150E333-8FDC-42A3-9474-1A3956D46DE8}") = "GSF", "GSF", "{D0EF145D-C14D-4952-9AA5-8954A91AE7F9}"
	ProjectSection(SolutionItems) = preProject
		Dependencies\GSF\AdoAdapters.dll = Dependencies\GSF\AdoAdapters.dll
		Dependencies\GSF\AdoAdapters.XML = Dependencies\GSF\AdoAdapters.XML
		Dependencies\GSF\Antlr3.Runtime.dll = Dependencies\GSF\Antlr3.Runtime.dll
		Dependencies\GSF\CsvAdapters.dll = Dependencies\GSF\CsvAdapters.dll
		Dependencies\GSF\CsvAdapters.XML = Dependencies\GSF\CsvAdapters.XML
		Dependencies\GSF\DataQualityMonitoring.dll = Dependencies\GSF\DataQualityMonitoring.dll
		Dependencies\GSF\DataQualityMonitoring.XML = Dependencies\GSF\DataQualityMonitoring.XML
		Dependencies\GSF\Dnp3Adapters.dll = Dependencies\GSF\Dnp3Adapters.dll
		Dependencies\GSF\Dnp3Adapters.XML = Dependencies\GSF\Dnp3Adapters.XML
		Dependencies\GSF\DotNetAdapter.dll = Dependencies\GSF\DotNetAdapter.dll
		Dependencies\GSF\DotNetInterface.dll = Dependencies\GSF\DotNetInterface.dll
		Dependencies\GSF\EpriExport.dll = Dependencies\GSF\EpriExport.dll
		Dependencies\GSF\EpriExport.XML = Dependencies\GSF\EpriExport.XML
		Dependencies\GSF\ExpressionEvaluator.dll = Dependencies\GSF\ExpressionEvaluator.dll
		Dependencies\GSF\FileAdapters.dll = Dependencies\GSF\FileAdapters.dll
		Dependencies\GSF\FileAdapters.XML = Dependencies\GSF\FileAdapters.XML
		Dependencies\GSF\GSF.Communication.dll = Dependencies\GSF\GSF.Communication.dll
		Dependencies\GSF\GSF.Communication.xml = Dependencies\GSF\GSF.Communication.xml
		Dependencies\GSF\GSF.COMTRADE.dll = Dependencies\GSF\GSF.COMTRADE.dll
		Dependencies\GSF\GSF.COMTRADE.xml = Dependencies\GSF\GSF.COMTRADE.xml
		Dependencies\GSF\GSF.Core.dll = Dependencies\GSF\GSF.Core.dll
		Dependencies\GSF\GSF.Core.xml = Dependencies\GSF\GSF.Core.xml
		Dependencies\GSF\GSF.Historian.dll = Dependencies\GSF\GSF.Historian.dll
		Dependencies\GSF\GSF.Historian.XML = Dependencies\GSF\GSF.Historian.XML
		Dependencies\GSF\GSF.InstallerActions.CA.dll = Dependencies\GSF\GSF.InstallerActions.CA.dll
		Dependencies\GSF\GSF.Media.dll = Dependencies\GSF\GSF.Media.dll
		Dependencies\GSF\GSF.Media.XML = Dependencies\GSF\GSF.Media.XML
		Dependencies\GSF\GSF.Net.dll = Dependencies\GSF\GSF.Net.dll
		Dependencies\GSF\GSF.Net.XML = Dependencies\GSF\GSF.Net.XML
		Dependencies\GSF\GSF.PhasorProtocols.dll = Dependencies\GSF\GSF.PhasorProtocols.dll
		Dependencies\GSF\GSF.PhasorProtocols.UI.dll = Dependencies\GSF\GSF.PhasorProtocols.UI.dll
		Dependencies\GSF\GSF.PhasorProtocols.UI.WPF.dll = Dependencies\GSF\GSF.PhasorProtocols.UI.WPF.dll
		Dependencies\GSF\GSF.PhasorProtocols.UI.WPF.xml = Dependencies\GSF\GSF.PhasorProtocols.UI.WPF.xml
		Dependencies\GSF\GSF.PhasorProtocols.UI.xml = Dependencies\GSF\GSF.PhasorProtocols.UI.xml
		Dependencies\GSF\GSF.PhasorProtocols.xml = Dependencies\GSF\GSF.PhasorProtocols.xml
		Dependencies\GSF\GSF.Security.dll = Dependencies\GSF\GSF.Security.dll
		Dependencies\GSF\GSF.Security.xml = Dependencies\GSF\GSF.Security.xml
		Dependencies\GSF\GSF.ServiceBus.dll = Dependencies\GSF\GSF.ServiceBus.dll
		Dependencies\GSF\GSF.ServiceBus.xml = Dependencies\GSF\GSF.ServiceBus.xml
		Dependencies\GSF\GSF.ServiceModel.dll = Dependencies\GSF\GSF.ServiceModel.dll
		Dependencies\GSF\GSF.ServiceModel.xml = Dependencies\GSF\GSF.ServiceModel.xml
		Dependencies\GSF\GSF.ServiceProcess.dll = Dependencies\GSF\GSF.ServiceProcess.dll
		Dependencies\GSF\GSF.ServiceProcess.xml = Dependencies\GSF\GSF.ServiceProcess.xml
		Dependencies\GSF\GSF.TimeSeries.dll = Dependencies\GSF\GSF.TimeSeries.dll
		Dependencies\GSF\GSF.TimeSeries.Transport.UI.dll = Dependencies\GSF\GSF.TimeSeries.Transport.UI.dll
		Dependencies\GSF\GSF.TimeSeries.Transport.UI.WPF.dll = Dependencies\GSF\GSF.TimeSeries.Transport.UI.WPF.dll
		Dependencies\GSF\GSF.TimeSeries.Transport.UI.WPF.XML = Dependencies\GSF\GSF.TimeSeries.Transport.UI.WPF.XML
		Dependencies\GSF\GSF.TimeSeries.Transport.UI.XML = Dependencies\GSF\GSF.TimeSeries.Transport.UI.XML
		Dependencies\GSF\GSF.TimeSeries.UI.dll = Dependencies\GSF\GSF.TimeSeries.UI.dll
		Dependencies\GSF\GSF.TimeSeries.UI.WPF.dll = Dependencies\GSF\GSF.TimeSeries.UI.WPF.dll
		Dependencies\GSF\GSF.TimeSeries.UI.WPF.xml = Dependencies\GSF\GSF.TimeSeries.UI.WPF.xml
		Dependencies\GSF\GSF.TimeSeries.UI.xml = Dependencies\GSF\GSF.TimeSeries.UI.xml
		Dependencies\GSF\GSF.TimeSeries.xml = Dependencies\GSF\GSF.TimeSeries.xml
		Dependencies\GSF\GSF.Web.dll = Dependencies\GSF\GSF.Web.dll
		Dependencies\GSF\GSF.Web.xml = Dependencies\GSF\GSF.Web.xml
		Dependencies\GSF\GSF.Windows.dll = Dependencies\GSF\GSF.Windows.dll
		Dependencies\GSF\GSF.Windows.xml = Dependencies\GSF\GSF.Windows.xml
		Dependencies\GSF\Hadoop.Replication.dll = Dependencies\GSF\Hadoop.Replication.dll
		Dependencies\GSF\Hadoop.Replication.XML = Dependencies\GSF\Hadoop.Replication.XML
		Dependencies\GSF\HistorianAdapters.dll = Dependencies\GSF\HistorianAdapters.dll
		Dependencies\GSF\HistorianAdapters.XML = Dependencies\GSF\HistorianAdapters.XML
		Dependencies\GSF\ICCPExport.dll = Dependencies\GSF\ICCPExport.dll
		Dependencies\GSF\ICCPExport.XML = Dependencies\GSF\ICCPExport.XML
		Dependencies\GSF\Ionic.Zlib.dll = Dependencies\GSF\Ionic.Zlib.dll
		Dependencies\GSF\Ionic.Zlib.xml = Dependencies\GSF\Ionic.Zlib.xml
		Dependencies\GSF\MySqlAdapters.dll = Dependencies\GSF\MySqlAdapters.dll
		Dependencies\GSF\MySqlAdapters.XML = Dependencies\GSF\MySqlAdapters.XML
		Dependencies\GSF\OneSecondFrequencyAverager.dll = Dependencies\GSF\OneSecondFrequencyAverager.dll
		Dependencies\GSF\OneSecondFrequencyAverager.xml = Dependencies\GSF\OneSecondFrequencyAverager.xml
		Dependencies\GSF\PhasorProtocolAdapters.dll = Dependencies\GSF\PhasorProtocolAdapters.dll
		Dependencies\GSF\PhasorProtocolAdapters.XML = Dependencies\GSF\PhasorProtocolAdapters.XML
		Dependencies\GSF\PowerCalculations.dll = Dependencies\GSF\PowerCalculations.dll
		Dependencies\GSF\PowerCalculations.XML = Dependencies\GSF\PowerCalculations.XML
		Dependencies\GSF\System.Data.SQLite.dll = Dependencies\GSF\System.Data.SQLite.dll
		Dependencies\GSF\System.Data.SQLite.xml = Dependencies\GSF\System.Data.SQLite.xml
		Dependencies\GSF\TestingAdapters.dll = Dependencies\GSF\TestingAdapters.dll
		Dependencies\GSF\TestingAdapters.XML = Dependencies\GSF\TestingAdapters.XML
		Dependencies\GSF\WavInputAdapter.dll = Dependencies\GSF\WavInputAdapter.dll
		Dependencies\GSF\WavInputAdapter.XML = Dependencies\GSF\WavInputAdapter.XML
	EndProjectSection
EndProject
Project("{FAE04EC0-301F-11D3-BF4B-00C04F79EFBC}") = "SIEGate", "Applications\SIEGate\SIEGate\SIEGate.csproj", "{F6986F10-FC76-475B-A7D0-10315EBF4910}"
EndProject
Project("{FAE04EC0-301F-11D3-BF4B-00C04F79EFBC}") = "SIEGateConsole", "Applications\SIEGate\SIEGateConsole\SIEGateConsole.csproj", "{018FDA38-8662-4733-A3C8-22EC24A0CE85}"
EndProject
Project("{930C7802-8A8C-48F9-8165-68863BCCD9DD}") = "SIEGateSetup", "Applications\SIEGate\SIEGateSetup\SIEGateSetup.wixproj", "{59671700-02F8-4B9D-B1F7-0CCE4599177E}"
EndProject
Project("{FAE04EC0-301F-11D3-BF4B-00C04F79EFBC}") = "SIEGateManager", "Applications\SIEGateManager\SIEGateManager.csproj", "{CCF1DF65-C4DA-41CE-9332-0293D33934C5}"
EndProject
Project("{2150E333-8FDC-42A3-9474-1A3956D46DE8}") = "PostgreSQL", "PostgreSQL", "{20C5EFE4-6DFC-4692-B8CA-7D0EF8070CA9}"
	ProjectSection(SolutionItems) = preProject
		Data\PostgreSQL\InitialDataSet.sql = Data\PostgreSQL\InitialDataSet.sql
		Data\PostgreSQL\SampleDataSet.sql = Data\PostgreSQL\SampleDataSet.sql
		Data\PostgreSQL\SIEGate.sql = Data\PostgreSQL\SIEGate.sql
	EndProjectSection
EndProject
Project("{2150E333-8FDC-42A3-9474-1A3956D46DE8}") = "Solution Items", "Solution Items", "{F9E98278-2F3B-4514-B506-33C566DB87D2}"
	ProjectSection(SolutionItems) = preProject
		..\LICENSE = ..\LICENSE
		LICENSE.txt = LICENSE.txt
		..\README.md = ..\README.md
		..\Build\Scripts\SIEGate.version = ..\Build\Scripts\SIEGate.version
	EndProjectSection
EndProject
Global
	GlobalSection(SolutionConfigurationPlatforms) = preSolution
		Debug|Any CPU = Debug|Any CPU
		Debug|x86 = Debug|x86
		Release|Any CPU = Release|Any CPU
		Release|x86 = Release|x86
	EndGlobalSection
	GlobalSection(ProjectConfigurationPlatforms) = postSolution
		{2A74EACF-8291-47C7-A2ED-0D58771F24E2}.Debug|Any CPU.ActiveCfg = Debug|Any CPU
		{2A74EACF-8291-47C7-A2ED-0D58771F24E2}.Debug|Any CPU.Build.0 = Debug|Any CPU
		{2A74EACF-8291-47C7-A2ED-0D58771F24E2}.Debug|x86.ActiveCfg = Debug|x86
		{2A74EACF-8291-47C7-A2ED-0D58771F24E2}.Debug|x86.Build.0 = Debug|x86
		{2A74EACF-8291-47C7-A2ED-0D58771F24E2}.Release|Any CPU.ActiveCfg = Release|Any CPU
		{2A74EACF-8291-47C7-A2ED-0D58771F24E2}.Release|Any CPU.Build.0 = Release|Any CPU
		{2A74EACF-8291-47C7-A2ED-0D58771F24E2}.Release|x86.ActiveCfg = Release|x86
		{2A74EACF-8291-47C7-A2ED-0D58771F24E2}.Release|x86.Build.0 = Release|x86
		{F6986F10-FC76-475B-A7D0-10315EBF4910}.Debug|Any CPU.ActiveCfg = Debug|Any CPU
		{F6986F10-FC76-475B-A7D0-10315EBF4910}.Debug|Any CPU.Build.0 = Debug|Any CPU
		{F6986F10-FC76-475B-A7D0-10315EBF4910}.Debug|x86.ActiveCfg = Debug|x86
		{F6986F10-FC76-475B-A7D0-10315EBF4910}.Debug|x86.Build.0 = Debug|x86
		{F6986F10-FC76-475B-A7D0-10315EBF4910}.Release|Any CPU.ActiveCfg = Release|Any CPU
		{F6986F10-FC76-475B-A7D0-10315EBF4910}.Release|Any CPU.Build.0 = Release|Any CPU
		{F6986F10-FC76-475B-A7D0-10315EBF4910}.Release|x86.ActiveCfg = Release|x86
		{F6986F10-FC76-475B-A7D0-10315EBF4910}.Release|x86.Build.0 = Release|x86
		{018FDA38-8662-4733-A3C8-22EC24A0CE85}.Debug|Any CPU.ActiveCfg = Debug|Any CPU
		{018FDA38-8662-4733-A3C8-22EC24A0CE85}.Debug|Any CPU.Build.0 = Debug|Any CPU
		{018FDA38-8662-4733-A3C8-22EC24A0CE85}.Debug|x86.ActiveCfg = Debug|x86
		{018FDA38-8662-4733-A3C8-22EC24A0CE85}.Debug|x86.Build.0 = Debug|x86
		{018FDA38-8662-4733-A3C8-22EC24A0CE85}.Release|Any CPU.ActiveCfg = Release|Any CPU
		{018FDA38-8662-4733-A3C8-22EC24A0CE85}.Release|Any CPU.Build.0 = Release|Any CPU
		{018FDA38-8662-4733-A3C8-22EC24A0CE85}.Release|x86.ActiveCfg = Release|x86
		{018FDA38-8662-4733-A3C8-22EC24A0CE85}.Release|x86.Build.0 = Release|x86
		{59671700-02F8-4B9D-B1F7-0CCE4599177E}.Debug|Any CPU.ActiveCfg = Debug|x64
		{59671700-02F8-4B9D-B1F7-0CCE4599177E}.Debug|x86.ActiveCfg = Debug|x64
		{59671700-02F8-4B9D-B1F7-0CCE4599177E}.Release|Any CPU.ActiveCfg = Release|x64
		{59671700-02F8-4B9D-B1F7-0CCE4599177E}.Release|Any CPU.Build.0 = Release|x64
		{59671700-02F8-4B9D-B1F7-0CCE4599177E}.Release|x86.ActiveCfg = Release|x64
		{CCF1DF65-C4DA-41CE-9332-0293D33934C5}.Debug|Any CPU.ActiveCfg = Debug|Any CPU
		{CCF1DF65-C4DA-41CE-9332-0293D33934C5}.Debug|Any CPU.Build.0 = Debug|Any CPU
		{CCF1DF65-C4DA-41CE-9332-0293D33934C5}.Debug|x86.ActiveCfg = Debug|x86
		{CCF1DF65-C4DA-41CE-9332-0293D33934C5}.Debug|x86.Build.0 = Debug|x86
		{CCF1DF65-C4DA-41CE-9332-0293D33934C5}.Release|Any CPU.ActiveCfg = Release|Any CPU
		{CCF1DF65-C4DA-41CE-9332-0293D33934C5}.Release|Any CPU.Build.0 = Release|Any CPU
		{CCF1DF65-C4DA-41CE-9332-0293D33934C5}.Release|x86.ActiveCfg = Release|x86
		{CCF1DF65-C4DA-41CE-9332-0293D33934C5}.Release|x86.Build.0 = Release|x86
	EndGlobalSection
	GlobalSection(SolutionProperties) = preSolution
		HideSolutionNode = FALSE
	EndGlobalSection
	GlobalSection(NestedProjects) = preSolution
		{3DDEA712-A92F-4252-AA36-EC3D20EE70CB} = {300F8C7D-35CC-4CFA-A97A-82824E4E59BA}
		{C1140554-1896-43B3-A109-26B601B38A7E} = {300F8C7D-35CC-4CFA-A97A-82824E4E59BA}
		{2A74EACF-8291-47C7-A2ED-0D58771F24E2} = {D5E46AB8-FE9C-44EE-8BF6-85828422D537}
		{BE55A303-AE5A-41D7-8F32-A327C66F5F64} = {300F8C7D-35CC-4CFA-A97A-82824E4E59BA}
		{F87710C5-D8D3-4070-A2EB-73A14FDAE208} = {F1E4A6D5-E5A1-48EC-B2E7-C20AADCF94E1}
		{32FFE65B-1193-4647-A5E6-67504EE51B31} = {F87710C5-D8D3-4070-A2EB-73A14FDAE208}
		{AFC8E495-1897-4DC7-9C1A-0F81CE079B53} = {300F8C7D-35CC-4CFA-A97A-82824E4E59BA}
		{09C79162-276C-4F8A-BA20-40483821CBD8} = {F87710C5-D8D3-4070-A2EB-73A14FDAE208}
		{D0EF145D-C14D-4952-9AA5-8954A91AE7F9} = {F1E4A6D5-E5A1-48EC-B2E7-C20AADCF94E1}
		{F6986F10-FC76-475B-A7D0-10315EBF4910} = {A594B55D-0C88-4F66-AF6E-86266F933DF0}
		{018FDA38-8662-4733-A3C8-22EC24A0CE85} = {A594B55D-0C88-4F66-AF6E-86266F933DF0}
		{59671700-02F8-4B9D-B1F7-0CCE4599177E} = {A594B55D-0C88-4F66-AF6E-86266F933DF0}
		{CCF1DF65-C4DA-41CE-9332-0293D33934C5} = {A594B55D-0C88-4F66-AF6E-86266F933DF0}
		{20C5EFE4-6DFC-4692-B8CA-7D0EF8070CA9} = {300F8C7D-35CC-4CFA-A97A-82824E4E59BA}
	EndGlobalSection
	GlobalSection(ExtensibilityGlobals) = postSolution
		SolutionGuid = {32128343-E512-462E-884A-97FEB9AE17FD}
	EndGlobalSection
EndGlobal
